
Microsoft Visual Studio Solution File, Format Version 12.00
# Visual Studio 15
VisualStudioVersion = 15.0.27428.2037
MinimumVisualStudioVersion = 10.0.40219.1
Project("{FAE04EC0-301F-11D3-BF4B-00C04F79EFBC}") = "EventPublisherAPI", "EventPublisherAPI\EventPublisherAPI.csproj", "{401A5B90-7B3A-45D5-B13A-3DE6B4427680}"
EndProject
Project("{FAE04EC0-301F-11D3-BF4B-00C04F79EFBC}") = "EventPublisherBLL", "EventPublisherBLL\EventPublisherBLL.csproj", "{4F661121-74B2-43C6-AF2D-2C78AFCCE419}"
EndProject
Project("{FAE04EC0-301F-11D3-BF4B-00C04F79EFBC}") = "EventPublisherEF", "EventPublisherEF\EventPublisherEF.csproj", "{BB8000DC-CD97-4332-BD32-DB620DF58319}"
EndProject
Global
	GlobalSection(SolutionConfigurationPlatforms) = preSolution
		Debug|Any CPU = Debug|Any CPU
		Release|Any CPU = Release|Any CPU
	EndGlobalSection
	GlobalSection(ProjectConfigurationPlatforms) = postSolution
		{401A5B90-7B3A-45D5-B13A-3DE6B4427680}.Debug|Any CPU.ActiveCfg = Debug|Any CPU
		{401A5B90-7B3A-45D5-B13A-3DE6B4427680}.Debug|Any CPU.Build.0 = Debug|Any CPU
		{401A5B90-7B3A-45D5-B13A-3DE6B4427680}.Release|Any CPU.ActiveCfg = Release|Any CPU
		{401A5B90-7B3A-45D5-B13A-3DE6B4427680}.Release|Any CPU.Build.0 = Release|Any CPU
		{4F661121-74B2-43C6-AF2D-2C78AFCCE419}.Debug|Any CPU.ActiveCfg = Debug|Any CPU
		{4F661121-74B2-43C6-AF2D-2C78AFCCE419}.Debug|Any CPU.Build.0 = Debug|Any CPU
		{4F661121-74B2-43C6-AF2D-2C78AFCCE419}.Release|Any CPU.ActiveCfg = Release|Any CPU
		{4F661121-74B2-43C6-AF2D-2C78AFCCE419}.Release|Any CPU.Build.0 = Release|Any CPU
		{BB8000DC-CD97-4332-BD32-DB620DF58319}.Debug|Any CPU.ActiveCfg = Debug|Any CPU
		{BB8000DC-CD97-4332-BD32-DB620DF58319}.Debug|Any CPU.Build.0 = Debug|Any CPU
		{BB8000DC-CD97-4332-BD32-DB620DF58319}.Release|Any CPU.ActiveCfg = Release|Any CPU
		{BB8000DC-CD97-4332-BD32-DB620DF58319}.Release|Any CPU.Build.0 = Release|Any CPU
	EndGlobalSection
	GlobalSection(SolutionProperties) = preSolution
		HideSolutionNode = FALSE
	EndGlobalSection
	GlobalSection(ExtensibilityGlobals) = postSolution
		SolutionGuid = {5D1705FD-E908-4726-8C10-2FEA89E0D6D3}
	EndGlobalSection
EndGlobal
